// !$*UTF8*$!
{
	archiveVersion = 1;
	classes = {
	};
	objectVersion = 46;
	objects = {

/* Begin PBXBuildFile section */
		8126C61D1D658227006EB484 /* main.m in Sources */ = {isa = PBXBuildFile; fileRef = 8126C61C1D658227006EB484 /* main.m */; };
		8126C6201D658227006EB484 /* AppDelegate.m in Sources */ = {isa = PBXBuildFile; fileRef = 8126C61F1D658227006EB484 /* AppDelegate.m */; };
		8126C6231D658227006EB484 /* ViewController.m in Sources */ = {isa = PBXBuildFile; fileRef = 8126C6221D658227006EB484 /* ViewController.m */; };
		8126C6261D658227006EB484 /* Main.storyboard in Resources */ = {isa = PBXBuildFile; fileRef = 8126C6241D658227006EB484 /* Main.storyboard */; };
		8126C6281D658227006EB484 /* Assets.xcassets in Resources */ = {isa = PBXBuildFile; fileRef = 8126C6271D658227006EB484 /* Assets.xcassets */; };
		8126C62B1D658227006EB484 /* LaunchScreen.storyboard in Resources */ = {isa = PBXBuildFile; fileRef = 8126C6291D658227006EB484 /* LaunchScreen.storyboard */; };
		8126C6351D659941006EB484 /* Component.m in Sources */ = {isa = PBXBuildFile; fileRef = 8126C6341D659941006EB484 /* Component.m */; };
		8126C6381D659C4D006EB484 /* Composite.m in Sources */ = {isa = PBXBuildFile; fileRef = 8126C6371D659C4D006EB484 /* Composite.m */; };
		8126C63B1D659FA6006EB484 /* Leaf.m in Sources */ = {isa = PBXBuildFile; fileRef = 8126C63A1D659FA6006EB484 /* Leaf.m */; };
		8126C63F1D65A43D006EB484 /* SystemComponent.m in Sources */ = {isa = PBXBuildFile; fileRef = 8126C63E1D65A43D006EB484 /* SystemComponent.m */; };
		8126C6421D65A6B0006EB484 /* Directory.m in Sources */ = {isa = PBXBuildFile; fileRef = 8126C6411D65A6B0006EB484 /* Directory.m */; };
		8126C6451D65AB3F006EB484 /* File.m in Sources */ = {isa = PBXBuildFile; fileRef = 8126C6441D65AB3F006EB484 /* File.m */; };
		81FCF8201D8B0FE300A808BB /* LICENSE in Resources */ = {isa = PBXBuildFile; fileRef = 81FCF81F1D8B0FE300A808BB /* LICENSE */; };
/* End PBXBuildFile section */

/* Begin PBXFileReference section */
		8126C6181D658227006EB484 /* composite_pattern.app */ = {isa = PBXFileReference; explicitFileType = wrapper.application; includeInIndex = 0; path = composite_pattern.app; sourceTree = BUILT_PRODUCTS_DIR; };
		8126C61C1D658227006EB484 /* main.m */ = {isa = PBXFileReference; lastKnownFileType = sourcecode.c.objc; path = main.m; sourceTree = "<group>"; };
		8126C61E1D658227006EB484 /* AppDelegate.h */ = {isa = PBXFileReference; lastKnownFileType = sourcecode.c.h; path = AppDelegate.h; sourceTree = "<group>"; };
		8126C61F1D658227006EB484 /* AppDelegate.m */ = {isa = PBXFileReference; lastKnownFileType = sourcecode.c.objc; path = AppDelegate.m; sourceTree = "<group>"; };
		8126C6211D658227006EB484 /* ViewController.h */ = {isa = PBXFileReference; lastKnownFileType = sourcecode.c.h; path = ViewController.h; sourceTree = "<group>"; };
		8126C6221D658227006EB484 /* ViewController.m */ = {isa = PBXFileReference; lastKnownFileType = sourcecode.c.objc; path = ViewController.m; sourceTree = "<group>"; };
		8126C6251D658227006EB484 /* Base */ = {isa = PBXFileReference; lastKnownFileType = file.storyboard; name = Base; path = Base.lproj/Main.storyboard; sourceTree = "<group>"; };
		8126C6271D658227006EB484 /* Assets.xcassets */ = {isa = PBXFileReference; lastKnownFileType = folder.assetcatalog; path = Assets.xcassets; sourceTree = "<group>"; };
		8126C62A1D658227006EB484 /* Base */ = {isa = PBXFileReference; lastKnownFileType = file.storyboard; name = Base; path = Base.lproj/LaunchScreen.storyboard; sourceTree = "<group>"; };
		8126C62C1D658227006EB484 /* Info.plist */ = {isa = PBXFileReference; lastKnownFileType = text.plist.xml; path = Info.plist; sourceTree = "<group>"; };
		8126C6331D659941006EB484 /* Component.h */ = {isa = PBXFileReference; fileEncoding = 4; lastKnownFileType = sourcecode.c.h; path = Component.h; sourceTree = "<group>"; };
		8126C6341D659941006EB484 /* Component.m */ = {isa = PBXFileReference; fileEncoding = 4; lastKnownFileType = sourcecode.c.objc; path = Component.m; sourceTree = "<group>"; };
		8126C6361D659C4D006EB484 /* Composite.h */ = {isa = PBXFileReference; fileEncoding = 4; lastKnownFileType = sourcecode.c.h; path = Composite.h; sourceTree = "<group>"; };
		8126C6371D659C4D006EB484 /* Composite.m */ = {isa = PBXFileReference; fileEncoding = 4; lastKnownFileType = sourcecode.c.objc; path = Composite.m; sourceTree = "<group>"; };
		8126C6391D659FA6006EB484 /* Leaf.h */ = {isa = PBXFileReference; fileEncoding = 4; lastKnownFileType = sourcecode.c.h; path = Leaf.h; sourceTree = "<group>"; };
		8126C63A1D659FA6006EB484 /* Leaf.m */ = {isa = PBXFileReference; fileEncoding = 4; lastKnownFileType = sourcecode.c.objc; path = Leaf.m; sourceTree = "<group>"; };
		8126C63D1D65A43D006EB484 /* SystemComponent.h */ = {isa = PBXFileReference; fileEncoding = 4; lastKnownFileType = sourcecode.c.h; path = SystemComponent.h; sourceTree = "<group>"; };
		8126C63E1D65A43D006EB484 /* SystemComponent.m */ = {isa = PBXFileReference; fileEncoding = 4; lastKnownFileType = sourcecode.c.objc; path = SystemComponent.m; sourceTree = "<group>"; };
		8126C6401D65A6B0006EB484 /* Directory.h */ = {isa = PBXFileReference; fileEncoding = 4; lastKnownFileType = sourcecode.c.h; path = Directory.h; sourceTree = "<group>"; };
		8126C6411D65A6B0006EB484 /* Directory.m */ = {isa = PBXFileReference; fileEncoding = 4; lastKnownFileType = sourcecode.c.objc; path = Directory.m; sourceTree = "<group>"; };
		8126C6431D65AB3F006EB484 /* File.h */ = {isa = PBXFileReference; fileEncoding = 4; lastKnownFileType = sourcecode.c.h; path = File.h; sourceTree = "<group>"; };
		8126C6441D65AB3F006EB484 /* File.m */ = {isa = PBXFileReference; fileEncoding = 4; lastKnownFileType = sourcecode.c.objc; path = File.m; sourceTree = "<group>"; };
		81FCF81F1D8B0FE300A808BB /* LICENSE */ = {isa = PBXFileReference; fileEncoding = 4; lastKnownFileType = text; path = LICENSE; sourceTree = "<group>"; };
/* End PBXFileReference section */

/* Begin PBXFrameworksBuildPhase section */
		8126C6151D658227006EB484 /* Frameworks */ = {
			isa = PBXFrameworksBuildPhase;
			buildActionMask = 2147483647;
			files = (
			);
			runOnlyForDeploymentPostprocessing = 0;
		};
/* End PBXFrameworksBuildPhase section */

/* Begin PBXGroup section */
		8126C60F1D658227006EB484 = {
			isa = PBXGroup;
			children = (
				81FCF81F1D8B0FE300A808BB /* LICENSE */,
				8126C61A1D658227006EB484 /* composite_pattern */,
				8126C6191D658227006EB484 /* Products */,
			);
			sourceTree = "<group>";
		};
		8126C6191D658227006EB484 /* Products */ = {
			isa = PBXGroup;
			children = (
				8126C6181D658227006EB484 /* composite_pattern.app */,
			);
			name = Products;
			sourceTree = "<group>";
		};
		8126C61A1D658227006EB484 /* composite_pattern */ = {
			isa = PBXGroup;
			children = (
				8126C6321D658236006EB484 /* Model */,
				8126C61E1D658227006EB484 /* AppDelegate.h */,
				8126C61F1D658227006EB484 /* AppDelegate.m */,
				8126C6211D658227006EB484 /* ViewController.h */,
				8126C6221D658227006EB484 /* ViewController.m */,
				8126C6241D658227006EB484 /* Main.storyboard */,
				8126C6271D658227006EB484 /* Assets.xcassets */,
				8126C6291D658227006EB484 /* LaunchScreen.storyboard */,
				8126C62C1D658227006EB484 /* Info.plist */,
				8126C61B1D658227006EB484 /* Supporting Files */,
			);
			path = composite_pattern;
			sourceTree = "<group>";
		};
		8126C61B1D658227006EB484 /* Supporting Files */ = {
			isa = PBXGroup;
			children = (
				8126C61C1D658227006EB484 /* main.m */,
			);
			name = "Supporting Files";
			sourceTree = "<group>";
		};
		8126C6321D658236006EB484 /* Model */ = {
			isa = PBXGroup;
			children = (
				8126C63C1D659FE8006EB484 /* Base */,
				8126C6461D65B6CC006EB484 /* FileSystem */,
			);
			name = Model;
			sourceTree = "<group>";
		};
		8126C63C1D659FE8006EB484 /* Base */ = {
			isa = PBXGroup;
			children = (
				8126C6331D659941006EB484 /* Component.h */,
				8126C6341D659941006EB484 /* Component.m */,
				8126C6361D659C4D006EB484 /* Composite.h */,
				8126C6371D659C4D006EB484 /* Composite.m */,
				8126C6391D659FA6006EB484 /* Leaf.h */,
				8126C63A1D659FA6006EB484 /* Leaf.m */,
			);
			name = Base;
			sourceTree = "<group>";
		};
		8126C6461D65B6CC006EB484 /* FileSystem */ = {
			isa = PBXGroup;
			children = (
				8126C63D1D65A43D006EB484 /* SystemComponent.h */,
				8126C63E1D65A43D006EB484 /* SystemComponent.m */,
				8126C6401D65A6B0006EB484 /* Directory.h */,
				8126C6411D65A6B0006EB484 /* Directory.m */,
				8126C6431D65AB3F006EB484 /* File.h */,
				8126C6441D65AB3F006EB484 /* File.m */,
			);
			name = FileSystem;
			sourceTree = "<group>";
		};
/* End PBXGroup section */

/* Begin PBXNativeTarget section */
		8126C6171D658227006EB484 /* composite_pattern */ = {
			isa = PBXNativeTarget;
			buildConfigurationList = 8126C62F1D658227006EB484 /* Build configuration list for PBXNativeTarget "composite_pattern" */;
			buildPhases = (
				8126C6141D658227006EB484 /* Sources */,
				8126C6151D658227006EB484 /* Frameworks */,
				8126C6161D658227006EB484 /* Resources */,
			);
			buildRules = (
			);
			dependencies = (
			);
			name = composite_pattern;
			productName = composite_pattern;
			productReference = 8126C6181D658227006EB484 /* composite_pattern.app */;
			productType = "com.apple.product-type.application";
		};
/* End PBXNativeTarget section */

/* Begin PBXProject section */
		8126C6101D658227006EB484 /* Project object */ = {
			isa = PBXProject;
			attributes = {
				LastUpgradeCheck = 0730;
				ORGANIZATIONNAME = "Dmitriy Arkhipov";
				TargetAttributes = {
					8126C6171D658227006EB484 = {
						CreatedOnToolsVersion = 7.3.1;
					};
				};
			};
			buildConfigurationList = 8126C6131D658227006EB484 /* Build configuration list for PBXProject "composite_pattern" */;
			compatibilityVersion = "Xcode 3.2";
			developmentRegion = English;
			hasScannedForEncodings = 0;
			knownRegions = (
				en,
				Base,
			);
			mainGroup = 8126C60F1D658227006EB484;
			productRefGroup = 8126C6191D658227006EB484 /* Products */;
			projectDirPath = "";
			projectRoot = "";
			targets = (
				8126C6171D658227006EB484 /* composite_pattern */,
			);
		};
/* End PBXProject section */

/* Begin PBXResourcesBuildPhase section */
		8126C6161D658227006EB484 /* Resources */ = {
			isa = PBXResourcesBuildPhase;
			buildActionMask = 2147483647;
			files = (
				8126C62B1D658227006EB484 /* LaunchScreen.storyboard in Resources */,
				8126C6281D658227006EB484 /* Assets.xcassets in Resources */,
				81FCF8201D8B0FE300A808BB /* LICENSE in Resources */,
				8126C6261D658227006EB484 /* Main.storyboard in Resources */,
			);
			runOnlyForDeploymentPostprocessing = 0;
		};
/* End PBXResourcesBuildPhase section */

/* Begin PBXSourcesBuildPhase section */
		8126C6141D658227006EB484 /* Sources */ = {
			isa = PBXSourcesBuildPhase;
			buildActionMask = 2147483647;
			files = (
				8126C6231D658227006EB484 /* ViewController.m in Sources */,
				8126C6351D659941006EB484 /* Component.m in Sources */,
				8126C63F1D65A43D006EB484 /* SystemComponent.m in Sources */,
				8126C6421D65A6B0006EB484 /* Directory.m in Sources */,
				8126C6201D658227006EB484 /* AppDelegate.m in Sources */,
				8126C63B1D659FA6006EB484 /* Leaf.m in Sources */,
				8126C61D1D658227006EB484 /* main.m in Sources */,
				8126C6381D659C4D006EB484 /* Composite.m in Sources */,
				8126C6451D65AB3F006EB484 /* File.m in Sources */,
			);
			runOnlyForDeploymentPostprocessing = 0;
		};
/* End PBXSourcesBuildPhase section */

/* Begin PBXVariantGroup section */
		8126C6241D658227006EB484 /* Main.storyboard */ = {
			isa = PBXVariantGroup;
			children = (
				8126C6251D658227006EB484 /* Base */,
			);
			name = Main.storyboard;
			sourceTree = "<group>";
		};
		8126C6291D658227006EB484 /* LaunchScreen.storyboard */ = {
			isa = PBXVariantGroup;
			children = (
				8126C62A1D658227006EB484 /* Base */,
			);
			name = LaunchScreen.storyboard;
			sourceTree = "<group>";
		};
/* End PBXVariantGroup section */

/* Begin XCBuildConfiguration section */
		8126C62D1D658227006EB484 /* Debug */ = {
			isa = XCBuildConfiguration;
			buildSettings = {
				ALWAYS_SEARCH_USER_PATHS = NO;
				CLANG_ANALYZER_NONNULL = YES;
				CLANG_CXX_LANGUAGE_STANDARD = "gnu++0x";
				CLANG_CXX_LIBRARY = "libc++";
				CLANG_ENABLE_MODULES = YES;
				CLANG_ENABLE_OBJC_ARC = YES;
				CLANG_WARN_BOOL_CONVERSION = YES;
				CLANG_WARN_CONSTANT_CONVERSION = YES;
				CLANG_WARN_DIRECT_OBJC_ISA_USAGE = YES_ERROR;
				CLANG_WARN_EMPTY_BODY = YES;
				CLANG_WARN_ENUM_CONVERSION = YES;
				CLANG_WARN_INT_CONVERSION = YES;
				CLANG_WARN_OBJC_ROOT_CLASS = YES_ERROR;
				CLANG_WARN_UNREACHABLE_CODE = YES;
				CLANG_WARN__DUPLICATE_METHOD_MATCH = YES;
				"CODE_SIGN_IDENTITY[sdk=iphoneos*]" = "iPhone Developer";
				COPY_PHASE_STRIP = NO;
				DEBUG_INFORMATION_FORMAT = dwarf;
				ENABLE_STRICT_OBJC_MSGSEND = YES;
				ENABLE_TESTABILITY = YES;
				GCC_C_LANGUAGE_STANDARD = gnu99;
				GCC_DYNAMIC_NO_PIC = NO;
				GCC_NO_COMMON_BLOCKS = YES;
				GCC_OPTIMIZATION_LEVEL = 0;
				GCC_PREPROCESSOR_DEFINITIONS = (
					"DEBUG=1",
					"$(inherited)",
				);
				GCC_WARN_64_TO_32_BIT_CONVERSION = YES;
				GCC_WARN_ABOUT_RETURN_TYPE = YES_ERROR;
				GCC_WARN_UNDECLARED_SELECTOR = YES;
				GCC_WARN_UNINITIALIZED_AUTOS = YES_AGGRESSIVE;
				GCC_WARN_UNUSED_FUNCTION = YES;
				GCC_WARN_UNUSED_VARIABLE = YES;
				IPHONEOS_DEPLOYMENT_TARGET = 9.3;
				MTL_ENABLE_DEBUG_INFO = YES;
				ONLY_ACTIVE_ARCH = YES;
				SDKROOT = iphoneos;
				TARGETED_DEVICE_FAMILY = "1,2";
			};
			name = Debug;
		};
		8126C62E1D658227006EB484 /* Release */ = {
			isa = XCBuildConfiguration;
			buildSettings = {
				ALWAYS_SEARCH_USER_PATHS = NO;
				CLANG_ANALYZER_NONNULL = YES;
				CLANG_CXX_LANGUAGE_STANDARD = "gnu++0x";
				CLANG_CXX_LIBRARY = "libc++";
				CLANG_ENABLE_MODULES = YES;
				CLANG_ENABLE_OBJC_ARC = YES;
				CLANG_WARN_BOOL_CONVERSION = YES;
				CLANG_WARN_CONSTANT_CONVERSION = YES;
				CLANG_WARN_DIRECT_OBJC_ISA_USAGE = YES_ERROR;
				CLANG_WARN_EMPTY_BODY = YES;
				CLANG_WARN_ENUM_CONVERSION = YES;
				CLANG_WARN_INT_CONVERSION = YES;
				CLANG_WARN_OBJC_ROOT_CLASS = YES_ERROR;
				CLANG_WARN_UNREACHABLE_CODE = YES;
				CLANG_WARN__DUPLICATE_METHOD_MATCH = YES;
				"CODE_SIGN_IDENTITY[sdk=iphoneos*]" = "iPhone Developer";
				COPY_PHASE_STRIP = NO;
				DEBUG_INFORMATION_FORMAT = "dwarf-with-dsym";
				ENABLE_NS_ASSERTIONS = NO;
				ENABLE_STRICT_OBJC_MSGSEND = YES;
				GCC_C_LANGUAGE_STANDARD = gnu99;
				GCC_NO_COMMON_BLOCKS = YES;
				GCC_WARN_64_TO_32_BIT_CONVERSION = YES;
				GCC_WARN_ABOUT_RETURN_TYPE = YES_ERROR;
				GCC_WARN_UNDECLARED_SELECTOR = YES;
				GCC_WARN_UNINITIALIZED_AUTOS = YES_AGGRESSIVE;
				GCC_WARN_UNUSED_FUNCTION = YES;
				GCC_WARN_UNUSED_VARIABLE = YES;
				IPHONEOS_DEPLOYMENT_TARGET = 9.3;
				MTL_ENABLE_DEBUG_INFO = NO;
				SDKROOT = iphoneos;
				TARGETED_DEVICE_FAMILY = "1,2";
				VALIDATE_PRODUCT = YES;
			};
			name = Release;
		};
		8126C6301D658227006EB484 /* Debug */ = {
			isa = XCBuildConfiguration;
			buildSettings = {
				ASSETCATALOG_COMPILER_APPICON_NAME = AppIcon;
				INFOPLIST_FILE = composite_pattern/Info.plist;
				LD_RUNPATH_SEARCH_PATHS = "$(inherited) @executable_path/Frameworks";
				PRODUCT_BUNDLE_IDENTIFIER = "com.dmitriyarkhipov.composite-pattern";
				PRODUCT_NAME = "$(TARGET_NAME)";
			};
			name = Debug;
		};
		8126C6311D658227006EB484 /* Release */ = {
			isa = XCBuildConfiguration;
			buildSettings = {
				ASSETCATALOG_COMPILER_APPICON_NAME = AppIcon;
				INFOPLIST_FILE = composite_pattern/Info.plist;
				LD_RUNPATH_SEARCH_PATHS = "$(inherited) @executable_path/Frameworks";
				PRODUCT_BUNDLE_IDENTIFIER = "com.dmitriyarkhipov.composite-pattern";
				PRODUCT_NAME = "$(TARGET_NAME)";
			};
			name = Release;
		};
/* End XCBuildConfiguration section */

/* Begin XCConfigurationList section */
		8126C6131D658227006EB484 /* Build configuration list for PBXProject "composite_pattern" */ = {
			isa = XCConfigurationList;
			buildConfigurations = (
				8126C62D1D658227006EB484 /* Debug */,
				8126C62E1D658227006EB484 /* Release */,
			);
			defaultConfigurationIsVisible = 0;
			defaultConfigurationName = Release;
		};
		8126C62F1D658227006EB484 /* Build configuration list for PBXNativeTarget "composite_pattern" */ = {
			isa = XCConfigurationList;
			buildConfigurations = (
				8126C6301D658227006EB484 /* Debug */,
				8126C6311D658227006EB484 /* Release */,
			);
			defaultConfigurationIsVisible = 0;
			defaultConfigurationName = Release;
		};
/* End XCConfigurationList section */
	};
	rootObject = 8126C6101D658227006EB484 /* Project object */;
}
